
Microsoft Visual Studio Solution File, Format Version 11.00
# Visual Studio 2010
Project("{FAE04EC0-301F-11D3-BF4B-00C04F79EFBC}") = "Poulet", "Assembly-CSharp.csproj", "{8C9CC2ED-E349-7654-7463-353B9AB485A0}"
EndProject
Project("{FAE04EC0-301F-11D3-BF4B-00C04F79EFBC}") = "Poulet", "Assembly-CSharp-Editor.csproj", "{EB5F02C2-73EE-9132-5D76-2D0D13DB82B2}"
EndProject
Global
	GlobalSection(SolutionConfigurationPlatforms) = preSolution
		Debug|Any CPU = Debug|Any CPU
		Release|Any CPU = Release|Any CPU
	EndGlobalSection
	GlobalSection(ProjectConfigurationPlatforms) = postSolution
		{8C9CC2ED-E349-7654-7463-353B9AB485A0}.Debug|Any CPU.ActiveCfg = Debug|Any CPU
		{8C9CC2ED-E349-7654-7463-353B9AB485A0}.Debug|Any CPU.Build.0 = Debug|Any CPU
		{8C9CC2ED-E349-7654-7463-353B9AB485A0}.Release|Any CPU.ActiveCfg = Release|Any CPU
		{8C9CC2ED-E349-7654-7463-353B9AB485A0}.Release|Any CPU.Build.0 = Release|Any CPU
		{EB5F02C2-73EE-9132-5D76-2D0D13DB82B2}.Debug|Any CPU.ActiveCfg = Debug|Any CPU
		{EB5F02C2-73EE-9132-5D76-2D0D13DB82B2}.Debug|Any CPU.Build.0 = Debug|Any CPU
		{EB5F02C2-73EE-9132-5D76-2D0D13DB82B2}.Release|Any CPU.ActiveCfg = Release|Any CPU
		{EB5F02C2-73EE-9132-5D76-2D0D13DB82B2}.Release|Any CPU.Build.0 = Release|Any CPU
	EndGlobalSection
	GlobalSection(SolutionProperties) = preSolution
		HideSolutionNode = FALSE
	EndGlobalSection
	GlobalSection(MonoDevelopProperties) = preSolution
		StartupItem = Assembly-CSharp.csproj
	EndGlobalSection
EndGlobal
